{
  "originHash" : "3576f502f2feeedb9d9a943c835615bd20b679cbf873bafe7ec068dab034bb48",
  "pins" : [
    {
      "identity" : "hypergooey-mac-dist",
      "kind" : "remoteSourceControl",
      "location" : "git@github.com:bszyman/hypergooey-mac-dist.git",
      "state" : {
        "revision" : "f047c3f70e99766276d7dcc8fd70ed99c0397c9a",
        "version" : "1.1.0"
      }
    }
  ],
  "version" : 3
}
