{
  "originHash" : "89f1d2426aacae7f56f71bc846753afaae79b4f5ade6fe016a61f7cd26b192eb",
  "pins" : [
    {
      "identity" : "hypergooey-mac-dist",
      "kind" : "remoteSourceControl",
      "location" : "https://github.com/bszyman/hypergooey-mac-dist.git",
      "state" : {
        "revision" : "5e730bf281b2d5ac187c7100cf8116c34641020d",
        "version" : "1.2.4"
      }
    }
  ],
  "version" : 3
}
