{
  "originHash" : "89f1d2426aacae7f56f71bc846753afaae79b4f5ade6fe016a61f7cd26b192eb",
  "pins" : [
    {
      "identity" : "hypergooey-mac-dist",
      "kind" : "remoteSourceControl",
      "location" : "https://github.com/bszyman/hypergooey-mac-dist.git",
      "state" : {
        "revision" : "3bd5b205d4595507858d8ffc076381789bc32955",
        "version" : "1.2.1"
      }
    }
  ],
  "version" : 3
}
